
Microsoft Visual Studio Solution File, Format Version 12.00
# Visual Studio 2013
VisualStudioVersion = 12.0.21005.1
MinimumVisualStudioVersion = 10.0.40219.1
Project("{FAE04EC0-301F-11D3-BF4B-00C04F79EFBC}") = "PublishFromTFS", "PublishFromTFS\PublishFromTFS.csproj", "{FEE8BA8D-4DEF-4E8B-A933-27033594E53F}"
EndProject
Global
	GlobalSection(SolutionConfigurationPlatforms) = preSolution
		Debug|Any CPU = Debug|Any CPU
		Release|Any CPU = Release|Any CPU
	EndGlobalSection
	GlobalSection(ProjectConfigurationPlatforms) = postSolution
		{FEE8BA8D-4DEF-4E8B-A933-27033594E53F}.Debug|Any CPU.ActiveCfg = Debug|Any CPU
		{FEE8BA8D-4DEF-4E8B-A933-27033594E53F}.Debug|Any CPU.Build.0 = Debug|Any CPU
		{FEE8BA8D-4DEF-4E8B-A933-27033594E53F}.Release|Any CPU.ActiveCfg = Release|Any CPU
		{FEE8BA8D-4DEF-4E8B-A933-27033594E53F}.Release|Any CPU.Build.0 = Release|Any CPU
	EndGlobalSection
	GlobalSection(SolutionProperties) = preSolution
		HideSolutionNode = FALSE
	EndGlobalSection
EndGlobal
